Microsoft Visual Studio Solution File, Format Version 12.00# Visual Studio 2012Project("{FAE04EC0-301F-11D3-BF4B-00C04F79EFBC}") = "Products.Entities", "Products.Entities\Products.Entities.csproj", "{2BF327D3-28D3-4CB1-9706-E981771C3A64}"EndProjectProject("{FAE04EC0-301F-11D3-BF4B-00C04F79EFBC}") = "Products.Daos.Interfaces", "Products.Daos.Interfaces\Products.Daos.Interfaces.csproj", "{FD054D25-C0F0-4687-BFE6-21232E82255E}"EndProjectProject("{FAE04EC0-301F-11D3-BF4B-00C04F79EFBC}") = "Products.Services.Interfaces", "Products.Services.Interfaces\Products.Services.Interfaces.csproj", "{B7805757-CA7B-4615-830F-AD69A765E27E}"EndProjectProject("{FAE04EC0-301F-11D3-BF4B-00C04F79EFBC}") = "Products.Daos", "Products.Daos\Products.Daos.csproj", "{DA9D14AF-0769-442D-8E91-6380387E6A01}"EndProjectProject("{FAE04EC0-301F-11D3-BF4B-00C04F79EFBC}") = "Products.Services", "Products.Services\Products.Services.csproj", "{2C13B0DD-DFB7-4DE5-A23D-900BDF5319D3}"EndProjectProject("{FAE04EC0-301F-11D3-BF4B-00C04F79EFBC}") = "Products.TestData", "Products.TestData\Products.TestData.csproj", "{90BEB098-09CE-466A-A561-B0A9B3D422E6}"EndProjectProject("{FAE04EC0-301F-11D3-BF4B-00C04F79EFBC}") = "Products.Daos.Mocks", "Products.Daos.Mocks\Products.Daos.Mocks.csproj", "{C52A6908-17F1-4218-98CD-131A6E3356B5}"EndProjectProject("{FAE04EC0-301F-11D3-BF4B-00C04F79EFBC}") = "Products.Daos.Tests", "Products.Daos.Tests\Products.Daos.Tests.csproj", "{E772CA85-AF3D-43F6-B0A1-5673EB0DF6B2}"EndProjectProject("{FAE04EC0-301F-11D3-BF4B-00C04F79EFBC}") = "Products.Services.Tests", "Products.Services.Tests\Products.Services.Tests.csproj", "{0DFE80CE-4DA1-46F3-BDC5-8C5111EBE19E}"EndProjectProject("{FAE04EC0-301F-11D3-BF4B-00C04F79EFBC}") = "Products.Web", "Products.Web\Products.Web.csproj", "{CAD3A920-F14C-48EF-9BF8-3E3FBE3BC13B}"EndProjectProject("{FAE04EC0-301F-11D3-BF4B-00C04F79EFBC}") = "Products.WebApi", "Products.WebApi\Products.WebApi.csproj", "{D8812999-0B98-4781-9A17-DF47AF2FDB9B}"EndProjectGlobal	GlobalSection(SolutionConfigurationPlatforms) = preSolution		Debug|Any CPU = Debug|Any CPU		Release|Any CPU = Release|Any CPU	EndGlobalSection	GlobalSection(ProjectConfigurationPlatforms) = postSolution		{2BF327D3-28D3-4CB1-9706-E981771C3A64}.Debug|Any CPU.ActiveCfg = Debug|Any CPU		{2BF327D3-28D3-4CB1-9706-E981771C3A64}.Debug|Any CPU.Build.0 = Debug|Any CPU		{2BF327D3-28D3-4CB1-9706-E981771C3A64}.Release|Any CPU.ActiveCfg = Release|Any CPU		{2BF327D3-28D3-4CB1-9706-E981771C3A64}.Release|Any CPU.Build.0 = Release|Any CPU		{FD054D25-C0F0-4687-BFE6-21232E82255E}.Debug|Any CPU.ActiveCfg = Debug|Any CPU		{FD054D25-C0F0-4687-BFE6-21232E82255E}.Debug|Any CPU.Build.0 = Debug|Any CPU		{FD054D25-C0F0-4687-BFE6-21232E82255E}.Release|Any CPU.ActiveCfg = Release|Any CPU		{FD054D25-C0F0-4687-BFE6-21232E82255E}.Release|Any CPU.Build.0 = Release|Any CPU		{B7805757-CA7B-4615-830F-AD69A765E27E}.Debug|Any CPU.ActiveCfg = Debug|Any CPU		{B7805757-CA7B-4615-830F-AD69A765E27E}.Debug|Any CPU.Build.0 = Debug|Any CPU		{B7805757-CA7B-4615-830F-AD69A765E27E}.Release|Any CPU.ActiveCfg = Release|Any CPU		{B7805757-CA7B-4615-830F-AD69A765E27E}.Release|Any CPU.Build.0 = Release|Any CPU		{DA9D14AF-0769-442D-8E91-6380387E6A01}.Debug|Any CPU.ActiveCfg = Debug|Any CPU		{DA9D14AF-0769-442D-8E91-6380387E6A01}.Debug|Any CPU.Build.0 = Debug|Any CPU		{DA9D14AF-0769-442D-8E91-6380387E6A01}.Release|Any CPU.ActiveCfg = Release|Any CPU		{DA9D14AF-0769-442D-8E91-6380387E6A01}.Release|Any CPU.Build.0 = Release|Any CPU		{2C13B0DD-DFB7-4DE5-A23D-900BDF5319D3}.Debug|Any CPU.ActiveCfg = Debug|Any CPU		{2C13B0DD-DFB7-4DE5-A23D-900BDF5319D3}.Debug|Any CPU.Build.0 = Debug|Any CPU		{2C13B0DD-DFB7-4DE5-A23D-900BDF5319D3}.Release|Any CPU.ActiveCfg = Release|Any CPU		{2C13B0DD-DFB7-4DE5-A23D-900BDF5319D3}.Release|Any CPU.Build.0 = Release|Any CPU		{90BEB098-09CE-466A-A561-B0A9B3D422E6}.Debug|Any CPU.ActiveCfg = Debug|Any CPU		{90BEB098-09CE-466A-A561-B0A9B3D422E6}.Debug|Any CPU.Build.0 = Debug|Any CPU		{90BEB098-09CE-466A-A561-B0A9B3D422E6}.Release|Any CPU.ActiveCfg = Release|Any CPU		{90BEB098-09CE-466A-A561-B0A9B3D422E6}.Release|Any CPU.Build.0 = Release|Any CPU		{C52A6908-17F1-4218-98CD-131A6E3356B5}.Debug|Any CPU.ActiveCfg = Debug|Any CPU		{C52A6908-17F1-4218-98CD-131A6E3356B5}.Debug|Any CPU.Build.0 = Debug|Any CPU		{C52A6908-17F1-4218-98CD-131A6E3356B5}.Release|Any CPU.ActiveCfg = Release|Any CPU		{C52A6908-17F1-4218-98CD-131A6E3356B5}.Release|Any CPU.Build.0 = Release|Any CPU		{E772CA85-AF3D-43F6-B0A1-5673EB0DF6B2}.Debug|Any CPU.ActiveCfg = Debug|Any CPU		{E772CA85-AF3D-43F6-B0A1-5673EB0DF6B2}.Debug|Any CPU.Build.0 = Debug|Any CPU		{E772CA85-AF3D-43F6-B0A1-5673EB0DF6B2}.Release|Any CPU.ActiveCfg = Release|Any CPU		{E772CA85-AF3D-43F6-B0A1-5673EB0DF6B2}.Release|Any CPU.Build.0 = Release|Any CPU		{0DFE80CE-4DA1-46F3-BDC5-8C5111EBE19E}.Debug|Any CPU.ActiveCfg = Debug|Any CPU		{0DFE80CE-4DA1-46F3-BDC5-8C5111EBE19E}.Debug|Any CPU.Build.0 = Debug|Any CPU		{0DFE80CE-4DA1-46F3-BDC5-8C5111EBE19E}.Release|Any CPU.ActiveCfg = Release|Any CPU		{0DFE80CE-4DA1-46F3-BDC5-8C5111EBE19E}.Release|Any CPU.Build.0 = Release|Any CPU		{CAD3A920-F14C-48EF-9BF8-3E3FBE3BC13B}.Debug|Any CPU.ActiveCfg = Debug|Any CPU		{CAD3A920-F14C-48EF-9BF8-3E3FBE3BC13B}.Debug|Any CPU.Build.0 = Debug|Any CPU		{CAD3A920-F14C-48EF-9BF8-3E3FBE3BC13B}.Release|Any CPU.ActiveCfg = Release|Any CPU		{CAD3A920-F14C-48EF-9BF8-3E3FBE3BC13B}.Release|Any CPU.Build.0 = Release|Any CPU		{D8812999-0B98-4781-9A17-DF47AF2FDB9B}.Debug|Any CPU.ActiveCfg = Debug|Any CPU		{D8812999-0B98-4781-9A17-DF47AF2FDB9B}.Debug|Any CPU.Build.0 = Debug|Any CPU		{D8812999-0B98-4781-9A17-DF47AF2FDB9B}.Release|Any CPU.ActiveCfg = Release|Any CPU		{D8812999-0B98-4781-9A17-DF47AF2FDB9B}.Release|Any CPU.Build.0 = Release|Any CPU	EndGlobalSection
	GlobalSection(SolutionProperties) = preSolution		HideSolutionNode = FALSE	EndGlobalSectionEndGlobal